<?xml version="1.0" encoding="utf-8"?>
<Project ToolsVersion="4.0" xmlns="http://schemas.microsoft.com/developer/msbuild/2003">
  <ItemGroup>
    <Filter Include="소스 파일">
      <UniqueIdentifier>{4FC737F1-C7A5-4376-A066-2A32D752A2FF}</UniqueIdentifier>
      <Extensions>cpp;c;cc;cxx;c++;cppm;ixx;def;odl;idl;hpj;bat;asm;asmx</Extensions>
    </Filter>
    <Filter Include="헤더 파일">
      <UniqueIdentifier>{93995380-89BD-4b04-88EB-625FBE52EBFB}</UniqueIdentifier>
      <Extensions>h;hh;hpp;hxx;h++;hm;inl;inc;ipp;xsd</Extensions>
    </Filter>
    <Filter Include="리소스 파일">
      <UniqueIdentifier>{67DA6AB6-F800-4c08-8B7A-83BB121AAD01}</UniqueIdentifier>
      <Extensions>rc;ico;cur;bmp;dlg;rc2;rct;bin;rgs;gif;jpg;jpeg;jpe;resx;tiff;tif;png;wav;mfcribbon-ms</Extensions>
    </Filter>
  </ItemGroup>
  <ItemGroup>
    <ClInclude Include="framework.h">
      <Filter>헤더 파일</Filter>
    </ClInclude>
    <ClInclude Include="pch.h">
      <Filter>헤더 파일</Filter>
    </ClInclude>
    <ClInclude Include="D2DRenderer.h">
      <Filter>헤더 파일</Filter>
    </ClInclude>
    <ClInclude Include="Application.h">
      <Filter>헤더 파일</Filter>
    </ClInclude>
    <ClInclude Include="Singleton.h">
      <Filter>헤더 파일</Filter>
    </ClInclude>
    <ClInclude Include="Live2DAllocater.h">
      <Filter>헤더 파일</Filter>
    </ClInclude>
    <ClInclude Include="Live2DModel.h">
      <Filter>헤더 파일</Filter>
    </ClInclude>
    <ClInclude Include="Helper\Live2DHelper.h">
      <Filter>헤더 파일</Filter>
    </ClInclude>
    <ClInclude Include="Live2DRenderer.h">
      <Filter>헤더 파일</Filter>
    </ClInclude>
    <ClInclude Include="Manager\TextureManager.h">
      <Filter>헤더 파일</Filter>
    </ClInclude>
    <ClInclude Include="Live2DDefine.h">
      <Filter>헤더 파일</Filter>
    </ClInclude>
    <ClInclude Include="Live2D\CubismDirectXRenderer.hpp">
      <Filter>헤더 파일</Filter>
    </ClInclude>
    <ClInclude Include="Live2D\CubismDirectXView.hpp">
      <Filter>헤더 파일</Filter>
    </ClInclude>
    <ClInclude Include="Live2D\CubismSampleViewMatrix_Common.hpp">
      <Filter>헤더 파일</Filter>
    </ClInclude>
    <ClInclude Include="Live2D\CubismSprite.hpp">
      <Filter>헤더 파일</Filter>
    </ClInclude>
    <ClInclude Include="Live2D\CubismSpriteShader.hpp">
      <Filter>헤더 파일</Filter>
    </ClInclude>
    <ClInclude Include="Live2D\CubismTextureManager.hpp">
      <Filter>헤더 파일</Filter>
    </ClInclude>
    <ClInclude Include="Live2D\CubismUserModelExtend.hpp">
      <Filter>헤더 파일</Filter>
    </ClInclude>
    <ClInclude Include="Live2D\LAppAllocator_Common.hpp">
      <Filter>헤더 파일</Filter>
    </ClInclude>
    <ClInclude Include="Live2D\LAppDefine.hpp">
      <Filter>헤더 파일</Filter>
    </ClInclude>
    <ClInclude Include="Live2D\LAppLive2DManager.hpp">
      <Filter>헤더 파일</Filter>
    </ClInclude>
    <ClInclude Include="Live2D\LAppModel.hpp">
      <Filter>헤더 파일</Filter>
    </ClInclude>
    <ClInclude Include="Live2D\LAppModel_Common.hpp">
      <Filter>헤더 파일</Filter>
    </ClInclude>
    <ClInclude Include="Live2D\LAppPal.hpp">
      <Filter>헤더 파일</Filter>
    </ClInclude>
    <ClInclude Include="Live2D\LAppSprite.hpp">
      <Filter>헤더 파일</Filter>
    </ClInclude>
    <ClInclude Include="Live2D\LAppSprite_Common.hpp">
      <Filter>헤더 파일</Filter>
    </ClInclude>
    <ClInclude Include="Live2D\LAppSpriteShader.hpp">
      <Filter>헤더 파일</Filter>
    </ClInclude>
    <ClInclude Include="Live2D\LAppTextureManager.hpp">
      <Filter>헤더 파일</Filter>
    </ClInclude>
    <ClInclude Include="Live2D\LAppTextureManager_Common.hpp">
      <Filter>헤더 파일</Filter>
    </ClInclude>
    <ClInclude Include="Live2D\LAppView.hpp">
      <Filter>헤더 파일</Filter>
    </ClInclude>
    <ClInclude Include="Live2D\LAppView_Common.hpp">
      <Filter>헤더 파일</Filter>
    </ClInclude>
    <ClInclude Include="Live2D\LAppWavFileHandler_Common.hpp">
      <Filter>헤더 파일</Filter>
    </ClInclude>
    <ClInclude Include="Live2D\MouseActionManager_Common.hpp">
      <Filter>헤더 파일</Filter>
    </ClInclude>
    <ClInclude Include="Live2D\TouchManager_Common.hpp">
      <Filter>헤더 파일</Filter>
    </ClInclude>
  </ItemGroup>
  <ItemGroup>
    <ClCompile Include="Engine.cpp">
      <Filter>소스 파일</Filter>
    </ClCompile>
    <ClCompile Include="pch.cpp">
      <Filter>소스 파일</Filter>
    </ClCompile>
    <ClCompile Include="D2DRenderer.cpp">
      <Filter>소스 파일</Filter>
    </ClCompile>
    <ClCompile Include="Application.cpp">
      <Filter>소스 파일</Filter>
    </ClCompile>
    <ClCompile Include="Singleton.cpp">
      <Filter>소스 파일</Filter>
    </ClCompile>
    <ClCompile Include="Live2DAllocater.cpp">
      <Filter>소스 파일</Filter>
    </ClCompile>
    <ClCompile Include="Live2DModel.cpp">
      <Filter>소스 파일</Filter>
    </ClCompile>
    <ClCompile Include="Helper\Live2DHelper.cpp">
      <Filter>소스 파일</Filter>
    </ClCompile>
    <ClCompile Include="Live2DRenderer.cpp">
      <Filter>소스 파일</Filter>
    </ClCompile>
    <ClCompile Include="Manager\TextureManager.cpp">
      <Filter>소스 파일</Filter>
    </ClCompile>
    <ClCompile Include="Live2DDefine.cpp">
      <Filter>소스 파일</Filter>
    </ClCompile>
    <ClCompile Include="Live2D\CubismDirectXRenderer.cpp">
      <Filter>소스 파일</Filter>
    </ClCompile>
    <ClCompile Include="Live2D\CubismDirectXView.cpp">
      <Filter>소스 파일</Filter>
    </ClCompile>
    <ClCompile Include="Live2D\CubismSampleViewMatrix_Common.cpp">
      <Filter>소스 파일</Filter>
    </ClCompile>
    <ClCompile Include="Live2D\CubismSprite.cpp">
      <Filter>소스 파일</Filter>
    </ClCompile>
    <ClCompile Include="Live2D\CubismSpriteShader.cpp">
      <Filter>소스 파일</Filter>
    </ClCompile>
    <ClCompile Include="Live2D\CubismTextureManager.cpp">
      <Filter>소스 파일</Filter>
    </ClCompile>
    <ClCompile Include="Live2D\CubismUserModelExtend.cpp">
      <Filter>소스 파일</Filter>
    </ClCompile>
    <ClCompile Include="Live2D\LAppAllocator_Common.cpp">
      <Filter>소스 파일</Filter>
    </ClCompile>
    <ClCompile Include="Live2D\LAppDefine.cpp">
      <Filter>소스 파일</Filter>
    </ClCompile>
    <ClCompile Include="Live2D\LAppLive2DManager.cpp">
      <Filter>소스 파일</Filter>
    </ClCompile>
    <ClCompile Include="Live2D\LAppModel.cpp">
      <Filter>소스 파일</Filter>
    </ClCompile>
    <ClCompile Include="Live2D\LAppModel_Common.cpp">
      <Filter>소스 파일</Filter>
    </ClCompile>
    <ClCompile Include="Live2D\LAppPal.cpp">
      <Filter>소스 파일</Filter>
    </ClCompile>
    <ClCompile Include="Live2D\LAppSprite.cpp">
      <Filter>소스 파일</Filter>
    </ClCompile>
    <ClCompile Include="Live2D\LAppSprite_Common.cpp">
      <Filter>소스 파일</Filter>
    </ClCompile>
    <ClCompile Include="Live2D\LAppSpriteShader.cpp">
      <Filter>소스 파일</Filter>
    </ClCompile>
    <ClCompile Include="Live2D\LAppTextureManager.cpp">
      <Filter>소스 파일</Filter>
    </ClCompile>
    <ClCompile Include="Live2D\LAppTextureManager_Common.cpp">
      <Filter>소스 파일</Filter>
    </ClCompile>
    <ClCompile Include="Live2D\LAppView.cpp">
      <Filter>소스 파일</Filter>
    </ClCompile>
    <ClCompile Include="Live2D\LAppView_Common.cpp">
      <Filter>소스 파일</Filter>
    </ClCompile>
    <ClCompile Include="Live2D\LAppWavFileHandler_Common.cpp">
      <Filter>소스 파일</Filter>
    </ClCompile>
    <ClCompile Include="Live2D\MouseActionManager_Common.cpp">
      <Filter>소스 파일</Filter>
    </ClCompile>
    <ClCompile Include="Live2D\TouchManager_Common.cpp">
      <Filter>소스 파일</Filter>
    </ClCompile>
  </ItemGroup>
</Project>